
Microsoft Visual Studio Solution File, Format Version 12.00
# Visual Studio 2013
VisualStudioVersion = 12.0.31101.0
MinimumVisualStudioVersion = 10.0.40219.1
Project("{FAE04EC0-301F-11D3-BF4B-00C04F79EFBC}") = "Web_Sql_injection_and_how_to_prevent", "Web_Sql_injection_and_how_to_prevent\Web_Sql_injection_and_how_to_prevent.csproj", "{DB5D8E87-1FB9-4A4A-8E83-EB926D74D6E8}"
EndProject
Project("{FAE04EC0-301F-11D3-BF4B-00C04F79EFBC}") = "Web_SimpleInsertUpdateDeleteExample", "Web_SimpleInsertUpdateDeleteExample\Web_SimpleInsertUpdateDeleteExample.csproj", "{7BA574EF-0941-4E74-84A7-2B775C6A81BE}"
EndProject
Project("{FAE04EC0-301F-11D3-BF4B-00C04F79EFBC}") = "Web_CrossPagePostBack", "Web_CrossPagePostBack\Web_CrossPagePostBack.csproj", "{A36CA389-ED92-4FBF-B66D-B4460112AA0F}"
EndProject
Global
	GlobalSection(SolutionConfigurationPlatforms) = preSolution
		Debug|Any CPU = Debug|Any CPU
		Release|Any CPU = Release|Any CPU
	EndGlobalSection
	GlobalSection(ProjectConfigurationPlatforms) = postSolution
		{DB5D8E87-1FB9-4A4A-8E83-EB926D74D6E8}.Debug|Any CPU.ActiveCfg = Debug|Any CPU
		{DB5D8E87-1FB9-4A4A-8E83-EB926D74D6E8}.Debug|Any CPU.Build.0 = Debug|Any CPU
		{DB5D8E87-1FB9-4A4A-8E83-EB926D74D6E8}.Release|Any CPU.ActiveCfg = Release|Any CPU
		{DB5D8E87-1FB9-4A4A-8E83-EB926D74D6E8}.Release|Any CPU.Build.0 = Release|Any CPU
		{7BA574EF-0941-4E74-84A7-2B775C6A81BE}.Debug|Any CPU.ActiveCfg = Debug|Any CPU
		{7BA574EF-0941-4E74-84A7-2B775C6A81BE}.Debug|Any CPU.Build.0 = Debug|Any CPU
		{7BA574EF-0941-4E74-84A7-2B775C6A81BE}.Release|Any CPU.ActiveCfg = Release|Any CPU
		{7BA574EF-0941-4E74-84A7-2B775C6A81BE}.Release|Any CPU.Build.0 = Release|Any CPU
		{A36CA389-ED92-4FBF-B66D-B4460112AA0F}.Debug|Any CPU.ActiveCfg = Debug|Any CPU
		{A36CA389-ED92-4FBF-B66D-B4460112AA0F}.Debug|Any CPU.Build.0 = Debug|Any CPU
		{A36CA389-ED92-4FBF-B66D-B4460112AA0F}.Release|Any CPU.ActiveCfg = Release|Any CPU
		{A36CA389-ED92-4FBF-B66D-B4460112AA0F}.Release|Any CPU.Build.0 = Release|Any CPU
	EndGlobalSection
	GlobalSection(SolutionProperties) = preSolution
		HideSolutionNode = FALSE
	EndGlobalSection
EndGlobal
